
Microsoft Visual Studio Solution File, Format Version 12.00
# Visual Studio Version 16
VisualStudioVersion = 16.0.29009.5
MinimumVisualStudioVersion = 10.0.40219.1
Project("{9A19103F-16F7-4668-BE54-9A1E7A4F7556}") = "WebNotification", "WebNotification\WebNotification.csproj", "{C99A8A08-2C8B-4030-8187-34CCE3EDBC88}"
EndProject
Project("{9A19103F-16F7-4668-BE54-9A1E7A4F7556}") = "StrategyNotificationService", "StrategyNotificationService\StrategyNotificationService.csproj", "{EA1151C2-338A-483D-8AA1-EF44D58760AB}"
EndProject
Global
	GlobalSection(SolutionConfigurationPlatforms) = preSolution
		Debug|Any CPU = Debug|Any CPU
		Release|Any CPU = Release|Any CPU
	EndGlobalSection
	GlobalSection(ProjectConfigurationPlatforms) = postSolution
		{C99A8A08-2C8B-4030-8187-34CCE3EDBC88}.Debug|Any CPU.ActiveCfg = Debug|Any CPU
		{C99A8A08-2C8B-4030-8187-34CCE3EDBC88}.Debug|Any CPU.Build.0 = Debug|Any CPU
		{C99A8A08-2C8B-4030-8187-34CCE3EDBC88}.Release|Any CPU.ActiveCfg = Release|Any CPU
		{C99A8A08-2C8B-4030-8187-34CCE3EDBC88}.Release|Any CPU.Build.0 = Release|Any CPU
		{EA1151C2-338A-483D-8AA1-EF44D58760AB}.Debug|Any CPU.ActiveCfg = Debug|Any CPU
		{EA1151C2-338A-483D-8AA1-EF44D58760AB}.Debug|Any CPU.Build.0 = Debug|Any CPU
		{EA1151C2-338A-483D-8AA1-EF44D58760AB}.Release|Any CPU.ActiveCfg = Release|Any CPU
		{EA1151C2-338A-483D-8AA1-EF44D58760AB}.Release|Any CPU.Build.0 = Release|Any CPU
	EndGlobalSection
	GlobalSection(SolutionProperties) = preSolution
		HideSolutionNode = FALSE
	EndGlobalSection
	GlobalSection(ExtensibilityGlobals) = postSolution
		SolutionGuid = {1A69D5A3-8A91-41B5-AD17-A140E58B2081}
	EndGlobalSection
EndGlobal
